# This file is automatically @generated by Cargo.
# It is not intended for manual editing.
version = 4

[[package]]
name = "bruma"
version = "0.1.0"
dependencies = [
 "bruma-core",
]

[[package]]
name = "bruma-core"
version = "0.1.0"

[[package]]
name = "bruma-package"
version = "0.1.0"

[[package]]
name = "bruma-platform"
version = "0.1.0"
dependencies = [
 "bruma-core",
]

[[package]]
name = "bruma-renderer"
version = "0.1.0"
dependencies = [
 "bruma-core",
]

[[package]]
name = "bruma-runtime"
version = "0.1.0"
dependencies = [
 "bruma-core",
]
